
Microsoft Visual Studio Solution File, Format Version 12.00
# Visual Studio Version 17
VisualStudioVersion = 17.12.35514.174
MinimumVisualStudioVersion = 10.0.40219.1
Project("{2150E333-8FDC-42A3-9474-1A3956D46DE8}") = "Solution Items", "Solution Items", "{E61D3EC1-7E4E-4EEF-909B-E503B88530DD}"
	ProjectSection(SolutionItems) = preProject
		.editorconfig = .editorconfig
		.gitignore = .gitignore
		.github\workflows\ci.yml = .github\workflows\ci.yml
		.github\dependabot.yml = .github\dependabot.yml
		docker-compose.yaml = docker-compose.yaml
		LICENSE = LICENSE
		README.md = README.md
		.dockerignore = .dockerignore
		stryker-config.json = stryker-config.json
		Backend.Dockerfile = Backend.Dockerfile
		Frontend.Dockerfile = Frontend.Dockerfile
		Directory.Build.props = Directory.Build.props
		Directory.Packages.props = Directory.Packages.props
	EndProjectSection
EndProject
Project("{FAE04EC0-301F-11D3-BF4B-00C04F79EFBC}") = "CodeHub.Api", "src\CodeHub.Api\CodeHub.Api.csproj", "{9F68DD93-619C-451F-B744-BC8A67D7B7E7}"
EndProject
Project("{FAE04EC0-301F-11D3-BF4B-00C04F79EFBC}") = "CodeHub.Domain", "src\CodeHub.Domain\CodeHub.Domain.csproj", "{AE1E067B-D346-4F37-9B1B-61DFE6047BD0}"
EndProject
Project("{FAE04EC0-301F-11D3-BF4B-00C04F79EFBC}") = "CodeHub.Aspire.AppHost", "src\CodeHub.Aspire.AppHost\CodeHub.Aspire.AppHost.csproj", "{BFBD070A-CA26-4292-9976-0C6882028F76}"
EndProject
Project("{FAE04EC0-301F-11D3-BF4B-00C04F79EFBC}") = "CodeHub.Aspire.ServiceDefaults", "src\CodeHub.Aspire.ServiceDefaults\CodeHub.Aspire.ServiceDefaults.csproj", "{7AAEB254-E64E-4B07-AD49-45A8F98C3341}"
EndProject
Project("{FAE04EC0-301F-11D3-BF4B-00C04F79EFBC}") = "CodeHub.Module", "src\CodeHub.Module\CodeHub.Module.csproj", "{1B5EDC93-01D1-48DF-AC86-BDB70AEE75BB}"
EndProject
Project("{FAE04EC0-301F-11D3-BF4B-00C04F79EFBC}") = "CodeHub.Module.Tests", "src\CodeHub.Module.Tests\CodeHub.Module.Tests.csproj", "{4F67A78D-FE98-4C36-A5D7-3F9713CCF8B8}"
EndProject
Project("{FAE04EC0-301F-11D3-BF4B-00C04F79EFBC}") = "CodeHub.Portal", "src\CodeHub.Portal\CodeHub.Portal.csproj", "{F75A04C6-8EF2-497D-BE84-C761D8E10267}"
EndProject
Project("{FAE04EC0-301F-11D3-BF4B-00C04F79EFBC}") = "CodeHub.Shared", "src\CodeHub.Shared\CodeHub.Shared.csproj", "{98AEB53D-A983-4262-9500-F85627E79CCA}"
EndProject
Global
	GlobalSection(SolutionConfigurationPlatforms) = preSolution
		Debug|Any CPU = Debug|Any CPU
		Release|Any CPU = Release|Any CPU
	EndGlobalSection
	GlobalSection(ProjectConfigurationPlatforms) = postSolution
		{9F68DD93-619C-451F-B744-BC8A67D7B7E7}.Debug|Any CPU.ActiveCfg = Debug|Any CPU
		{9F68DD93-619C-451F-B744-BC8A67D7B7E7}.Debug|Any CPU.Build.0 = Debug|Any CPU
		{9F68DD93-619C-451F-B744-BC8A67D7B7E7}.Release|Any CPU.ActiveCfg = Release|Any CPU
		{9F68DD93-619C-451F-B744-BC8A67D7B7E7}.Release|Any CPU.Build.0 = Release|Any CPU
		{AE1E067B-D346-4F37-9B1B-61DFE6047BD0}.Debug|Any CPU.ActiveCfg = Debug|Any CPU
		{AE1E067B-D346-4F37-9B1B-61DFE6047BD0}.Debug|Any CPU.Build.0 = Debug|Any CPU
		{AE1E067B-D346-4F37-9B1B-61DFE6047BD0}.Release|Any CPU.ActiveCfg = Release|Any CPU
		{AE1E067B-D346-4F37-9B1B-61DFE6047BD0}.Release|Any CPU.Build.0 = Release|Any CPU
		{BFBD070A-CA26-4292-9976-0C6882028F76}.Debug|Any CPU.ActiveCfg = Debug|Any CPU
		{BFBD070A-CA26-4292-9976-0C6882028F76}.Debug|Any CPU.Build.0 = Debug|Any CPU
		{BFBD070A-CA26-4292-9976-0C6882028F76}.Release|Any CPU.ActiveCfg = Release|Any CPU
		{BFBD070A-CA26-4292-9976-0C6882028F76}.Release|Any CPU.Build.0 = Release|Any CPU
		{7AAEB254-E64E-4B07-AD49-45A8F98C3341}.Debug|Any CPU.ActiveCfg = Debug|Any CPU
		{7AAEB254-E64E-4B07-AD49-45A8F98C3341}.Debug|Any CPU.Build.0 = Debug|Any CPU
		{7AAEB254-E64E-4B07-AD49-45A8F98C3341}.Release|Any CPU.ActiveCfg = Release|Any CPU
		{7AAEB254-E64E-4B07-AD49-45A8F98C3341}.Release|Any CPU.Build.0 = Release|Any CPU
		{1B5EDC93-01D1-48DF-AC86-BDB70AEE75BB}.Debug|Any CPU.ActiveCfg = Debug|Any CPU
		{1B5EDC93-01D1-48DF-AC86-BDB70AEE75BB}.Debug|Any CPU.Build.0 = Debug|Any CPU
		{1B5EDC93-01D1-48DF-AC86-BDB70AEE75BB}.Release|Any CPU.ActiveCfg = Release|Any CPU
		{1B5EDC93-01D1-48DF-AC86-BDB70AEE75BB}.Release|Any CPU.Build.0 = Release|Any CPU
		{4F67A78D-FE98-4C36-A5D7-3F9713CCF8B8}.Debug|Any CPU.ActiveCfg = Debug|Any CPU
		{4F67A78D-FE98-4C36-A5D7-3F9713CCF8B8}.Debug|Any CPU.Build.0 = Debug|Any CPU
		{4F67A78D-FE98-4C36-A5D7-3F9713CCF8B8}.Release|Any CPU.ActiveCfg = Release|Any CPU
		{4F67A78D-FE98-4C36-A5D7-3F9713CCF8B8}.Release|Any CPU.Build.0 = Release|Any CPU
		{F75A04C6-8EF2-497D-BE84-C761D8E10267}.Debug|Any CPU.ActiveCfg = Debug|Any CPU
		{F75A04C6-8EF2-497D-BE84-C761D8E10267}.Debug|Any CPU.Build.0 = Debug|Any CPU
		{F75A04C6-8EF2-497D-BE84-C761D8E10267}.Release|Any CPU.ActiveCfg = Release|Any CPU
		{F75A04C6-8EF2-497D-BE84-C761D8E10267}.Release|Any CPU.Build.0 = Release|Any CPU
		{98AEB53D-A983-4262-9500-F85627E79CCA}.Debug|Any CPU.ActiveCfg = Debug|Any CPU
		{98AEB53D-A983-4262-9500-F85627E79CCA}.Debug|Any CPU.Build.0 = Debug|Any CPU
		{98AEB53D-A983-4262-9500-F85627E79CCA}.Release|Any CPU.ActiveCfg = Release|Any CPU
		{98AEB53D-A983-4262-9500-F85627E79CCA}.Release|Any CPU.Build.0 = Release|Any CPU
	EndGlobalSection
	GlobalSection(SolutionProperties) = preSolution
		HideSolutionNode = FALSE
	EndGlobalSection
	GlobalSection(NestedProjects) = preSolution
	EndGlobalSection
EndGlobal
