
Microsoft Visual Studio Solution File, Format Version 12.00
# Visual Studio Version 17
VisualStudioVersion = 17.12.35514.174
MinimumVisualStudioVersion = 10.0.40219.1
Project("{2150E333-8FDC-42A3-9474-1A3956D46DE8}") = "Solution Items", "Solution Items", "{E61D3EC1-7E4E-4EEF-909B-E503B88530DD}"
	ProjectSection(SolutionItems) = preProject
		.editorconfig = .editorconfig
		.gitignore = .gitignore
		.github\workflows\ci.yml = .github\workflows\ci.yml
		.github\dependabot.yml = .github\dependabot.yml
		docker-compose.yaml = docker-compose.yaml
		LICENSE = LICENSE
		README.md = README.md
		.dockerignore = .dockerignore
	EndProjectSection
EndProject
Project("{2150E333-8FDC-42A3-9474-1A3956D46DE8}") = "Backend", "Backend", "{6BBAFA79-C6EC-4415-8249-3AF0BF69A8F8}"
EndProject
Project("{FAE04EC0-301F-11D3-BF4B-00C04F79EFBC}") = "CodeHub.Api", "src\backend\CodeHub.Api\CodeHub.Api.csproj", "{0B59B285-BE8E-48DA-9A9D-AFAF8B4D1C50}"
EndProject
Project("{FAE04EC0-301F-11D3-BF4B-00C04F79EFBC}") = "CodeHub.Shared", "src\backend\CodeHub.Shared\CodeHub.Shared.csproj", "{8D2E2CFA-8324-40CA-8D0D-C1F273363F6E}"
EndProject
Project("{2150E333-8FDC-42A3-9474-1A3956D46DE8}") = "Frontend", "Frontend", "{FD7D4EDA-3EEC-4989-B479-563417E6848F}"
EndProject
Project("{FAE04EC0-301F-11D3-BF4B-00C04F79EFBC}") = "CodeHub.Portal.Services", "src\frontend\CodeHub.Portal.Services\CodeHub.Portal.Services.csproj", "{5A58BC92-EC25-49F9-991A-3A2F03E5899F}"
EndProject
Project("{FAE04EC0-301F-11D3-BF4B-00C04F79EFBC}") = "CodeHub.Portal", "src\frontend\CodeHub.Portal\CodeHub.Portal.csproj", "{E6AF518B-3FAC-4D3F-8BF2-7C8411B153CA}"
EndProject
Project("{FAE04EC0-301F-11D3-BF4B-00C04F79EFBC}") = "CodeHub.Platform.AzureDevOps", "src\backend\CodeHub.Platform.AzureDevOps\CodeHub.Platform.AzureDevOps.csproj", "{5A4A50EF-186E-4FD0-BB09-BA7A46D6B8C4}"
EndProject
Project("{FAE04EC0-301F-11D3-BF4B-00C04F79EFBC}") = "CodeHub.Platform.AzureDevOps.Tests", "src\backend\CodeHub.Platform.AzureDevOps.Tests\CodeHub.Platform.AzureDevOps.Tests.csproj", "{F8B9B097-D031-4E97-8F65-41078E810E3D}"
EndProject
Project("{2150E333-8FDC-42A3-9474-1A3956D46DE8}") = "Config", "Config", "{794E0C1D-6331-49C2-B835-D02C1FE83D01}"
	ProjectSection(SolutionItems) = preProject
		src\backend\Directory.Build.props = src\backend\Directory.Build.props
		src\backend\Directory.Packages.props = src\backend\Directory.Packages.props
		src\backend\README.md = src\backend\README.md
		src\backend\Backend.Dockerfile = src\backend\Backend.Dockerfile
	EndProjectSection
EndProject
Project("{2150E333-8FDC-42A3-9474-1A3956D46DE8}") = "Config", "Config", "{21C8395D-3B75-46E3-AAAE-396CDE1679DB}"
	ProjectSection(SolutionItems) = preProject
		src\frontend\Directory.Build.props = src\frontend\Directory.Build.props
		src\frontend\Frontend.Dockerfile = src\frontend\Frontend.Dockerfile
		src\frontend\README.md = src\frontend\README.md
	EndProjectSection
EndProject
Project("{FAE04EC0-301F-11D3-BF4B-00C04F79EFBC}") = "CodeHub.Platform.Azure", "src\backend\CodeHub.Platform.Azure\CodeHub.Platform.Azure.csproj", "{58014886-DBFC-4D3B-9EA3-03B8A228B601}"
EndProject
Project("{FAE04EC0-301F-11D3-BF4B-00C04F79EFBC}") = "CodeHub.Platform.Azure.Tests", "src\backend\CodeHub.Platform.Azure.Tests\CodeHub.Platform.Azure.Tests.csproj", "{4D69214A-521E-413C-8732-A228A50753DD}"
EndProject
Project("{FAE04EC0-301F-11D3-BF4B-00C04F79EFBC}") = "CodeHub.Platform.GitHub", "src\backend\CodeHub.Platform.GitHub\CodeHub.Platform.GitHub.csproj", "{8AFCA3A8-0CDB-4FF7-B484-803EA74E94D5}"
EndProject
Project("{FAE04EC0-301F-11D3-BF4B-00C04F79EFBC}") = "CodeHub.Platform.GitLab", "src\backend\CodeHub.Platform.GitLab\CodeHub.Platform.GitLab.csproj", "{7014F74C-506D-4DC3-85DC-DF14EC446FB4}"
EndProject
Project("{FAE04EC0-301F-11D3-BF4B-00C04F79EFBC}") = "CodeHub.Platform.GitHub.Tests", "src\backend\CodeHub.Platform.GitHub.Tests\CodeHub.Platform.GitHub.Tests.csproj", "{8BD76230-630B-42A1-AAB3-E3A6E2EAB8A1}"
EndProject
Project("{FAE04EC0-301F-11D3-BF4B-00C04F79EFBC}") = "CodeHub.Platform.GitLab.Tests", "src\backend\CodeHub.Platform.GitLab.Tests\CodeHub.Platform.GitLab.Tests.csproj", "{6A915CB9-8153-433B-9DC1-0AFE159486B7}"
EndProject
Project("{FAE04EC0-301F-11D3-BF4B-00C04F79EFBC}") = "CodeHub.Shared.Tests", "src\backend\CodeHub.Shared.Tests\CodeHub.Shared.Tests.csproj", "{97CBF632-FA60-42E7-AD2E-7DBD672C7FEA}"
EndProject
Global
	GlobalSection(SolutionConfigurationPlatforms) = preSolution
		Debug|Any CPU = Debug|Any CPU
		Release|Any CPU = Release|Any CPU
	EndGlobalSection
	GlobalSection(ProjectConfigurationPlatforms) = postSolution
		{0B59B285-BE8E-48DA-9A9D-AFAF8B4D1C50}.Debug|Any CPU.ActiveCfg = Debug|Any CPU
		{0B59B285-BE8E-48DA-9A9D-AFAF8B4D1C50}.Debug|Any CPU.Build.0 = Debug|Any CPU
		{0B59B285-BE8E-48DA-9A9D-AFAF8B4D1C50}.Release|Any CPU.ActiveCfg = Release|Any CPU
		{0B59B285-BE8E-48DA-9A9D-AFAF8B4D1C50}.Release|Any CPU.Build.0 = Release|Any CPU
		{8D2E2CFA-8324-40CA-8D0D-C1F273363F6E}.Debug|Any CPU.ActiveCfg = Debug|Any CPU
		{8D2E2CFA-8324-40CA-8D0D-C1F273363F6E}.Debug|Any CPU.Build.0 = Debug|Any CPU
		{8D2E2CFA-8324-40CA-8D0D-C1F273363F6E}.Release|Any CPU.ActiveCfg = Release|Any CPU
		{8D2E2CFA-8324-40CA-8D0D-C1F273363F6E}.Release|Any CPU.Build.0 = Release|Any CPU
		{5A58BC92-EC25-49F9-991A-3A2F03E5899F}.Debug|Any CPU.ActiveCfg = Debug|Any CPU
		{5A58BC92-EC25-49F9-991A-3A2F03E5899F}.Debug|Any CPU.Build.0 = Debug|Any CPU
		{5A58BC92-EC25-49F9-991A-3A2F03E5899F}.Release|Any CPU.ActiveCfg = Release|Any CPU
		{5A58BC92-EC25-49F9-991A-3A2F03E5899F}.Release|Any CPU.Build.0 = Release|Any CPU
		{E6AF518B-3FAC-4D3F-8BF2-7C8411B153CA}.Debug|Any CPU.ActiveCfg = Debug|Any CPU
		{E6AF518B-3FAC-4D3F-8BF2-7C8411B153CA}.Debug|Any CPU.Build.0 = Debug|Any CPU
		{E6AF518B-3FAC-4D3F-8BF2-7C8411B153CA}.Release|Any CPU.ActiveCfg = Release|Any CPU
		{E6AF518B-3FAC-4D3F-8BF2-7C8411B153CA}.Release|Any CPU.Build.0 = Release|Any CPU
		{5A4A50EF-186E-4FD0-BB09-BA7A46D6B8C4}.Debug|Any CPU.ActiveCfg = Debug|Any CPU
		{5A4A50EF-186E-4FD0-BB09-BA7A46D6B8C4}.Debug|Any CPU.Build.0 = Debug|Any CPU
		{5A4A50EF-186E-4FD0-BB09-BA7A46D6B8C4}.Release|Any CPU.ActiveCfg = Release|Any CPU
		{5A4A50EF-186E-4FD0-BB09-BA7A46D6B8C4}.Release|Any CPU.Build.0 = Release|Any CPU
		{F8B9B097-D031-4E97-8F65-41078E810E3D}.Debug|Any CPU.ActiveCfg = Debug|Any CPU
		{F8B9B097-D031-4E97-8F65-41078E810E3D}.Debug|Any CPU.Build.0 = Debug|Any CPU
		{F8B9B097-D031-4E97-8F65-41078E810E3D}.Release|Any CPU.ActiveCfg = Release|Any CPU
		{F8B9B097-D031-4E97-8F65-41078E810E3D}.Release|Any CPU.Build.0 = Release|Any CPU
		{58014886-DBFC-4D3B-9EA3-03B8A228B601}.Debug|Any CPU.ActiveCfg = Debug|Any CPU
		{58014886-DBFC-4D3B-9EA3-03B8A228B601}.Debug|Any CPU.Build.0 = Debug|Any CPU
		{58014886-DBFC-4D3B-9EA3-03B8A228B601}.Release|Any CPU.ActiveCfg = Release|Any CPU
		{58014886-DBFC-4D3B-9EA3-03B8A228B601}.Release|Any CPU.Build.0 = Release|Any CPU
		{4D69214A-521E-413C-8732-A228A50753DD}.Debug|Any CPU.ActiveCfg = Debug|Any CPU
		{4D69214A-521E-413C-8732-A228A50753DD}.Debug|Any CPU.Build.0 = Debug|Any CPU
		{4D69214A-521E-413C-8732-A228A50753DD}.Release|Any CPU.ActiveCfg = Release|Any CPU
		{4D69214A-521E-413C-8732-A228A50753DD}.Release|Any CPU.Build.0 = Release|Any CPU
		{8AFCA3A8-0CDB-4FF7-B484-803EA74E94D5}.Debug|Any CPU.ActiveCfg = Debug|Any CPU
		{8AFCA3A8-0CDB-4FF7-B484-803EA74E94D5}.Debug|Any CPU.Build.0 = Debug|Any CPU
		{8AFCA3A8-0CDB-4FF7-B484-803EA74E94D5}.Release|Any CPU.ActiveCfg = Release|Any CPU
		{8AFCA3A8-0CDB-4FF7-B484-803EA74E94D5}.Release|Any CPU.Build.0 = Release|Any CPU
		{7014F74C-506D-4DC3-85DC-DF14EC446FB4}.Debug|Any CPU.ActiveCfg = Debug|Any CPU
		{7014F74C-506D-4DC3-85DC-DF14EC446FB4}.Debug|Any CPU.Build.0 = Debug|Any CPU
		{7014F74C-506D-4DC3-85DC-DF14EC446FB4}.Release|Any CPU.ActiveCfg = Release|Any CPU
		{7014F74C-506D-4DC3-85DC-DF14EC446FB4}.Release|Any CPU.Build.0 = Release|Any CPU
		{8BD76230-630B-42A1-AAB3-E3A6E2EAB8A1}.Debug|Any CPU.ActiveCfg = Debug|Any CPU
		{8BD76230-630B-42A1-AAB3-E3A6E2EAB8A1}.Debug|Any CPU.Build.0 = Debug|Any CPU
		{8BD76230-630B-42A1-AAB3-E3A6E2EAB8A1}.Release|Any CPU.ActiveCfg = Release|Any CPU
		{8BD76230-630B-42A1-AAB3-E3A6E2EAB8A1}.Release|Any CPU.Build.0 = Release|Any CPU
		{6A915CB9-8153-433B-9DC1-0AFE159486B7}.Debug|Any CPU.ActiveCfg = Debug|Any CPU
		{6A915CB9-8153-433B-9DC1-0AFE159486B7}.Debug|Any CPU.Build.0 = Debug|Any CPU
		{6A915CB9-8153-433B-9DC1-0AFE159486B7}.Release|Any CPU.ActiveCfg = Release|Any CPU
		{6A915CB9-8153-433B-9DC1-0AFE159486B7}.Release|Any CPU.Build.0 = Release|Any CPU
		{97CBF632-FA60-42E7-AD2E-7DBD672C7FEA}.Debug|Any CPU.ActiveCfg = Debug|Any CPU
		{97CBF632-FA60-42E7-AD2E-7DBD672C7FEA}.Debug|Any CPU.Build.0 = Debug|Any CPU
		{97CBF632-FA60-42E7-AD2E-7DBD672C7FEA}.Release|Any CPU.ActiveCfg = Release|Any CPU
		{97CBF632-FA60-42E7-AD2E-7DBD672C7FEA}.Release|Any CPU.Build.0 = Release|Any CPU
	EndGlobalSection
	GlobalSection(SolutionProperties) = preSolution
		HideSolutionNode = FALSE
	EndGlobalSection
	GlobalSection(NestedProjects) = preSolution
		{0B59B285-BE8E-48DA-9A9D-AFAF8B4D1C50} = {6BBAFA79-C6EC-4415-8249-3AF0BF69A8F8}
		{8D2E2CFA-8324-40CA-8D0D-C1F273363F6E} = {6BBAFA79-C6EC-4415-8249-3AF0BF69A8F8}
		{5A58BC92-EC25-49F9-991A-3A2F03E5899F} = {FD7D4EDA-3EEC-4989-B479-563417E6848F}
		{E6AF518B-3FAC-4D3F-8BF2-7C8411B153CA} = {FD7D4EDA-3EEC-4989-B479-563417E6848F}
		{5A4A50EF-186E-4FD0-BB09-BA7A46D6B8C4} = {6BBAFA79-C6EC-4415-8249-3AF0BF69A8F8}
		{794E0C1D-6331-49C2-B835-D02C1FE83D01} = {6BBAFA79-C6EC-4415-8249-3AF0BF69A8F8}
		{21C8395D-3B75-46E3-AAAE-396CDE1679DB} = {FD7D4EDA-3EEC-4989-B479-563417E6848F}
		{58014886-DBFC-4D3B-9EA3-03B8A228B601} = {6BBAFA79-C6EC-4415-8249-3AF0BF69A8F8}
		{8AFCA3A8-0CDB-4FF7-B484-803EA74E94D5} = {6BBAFA79-C6EC-4415-8249-3AF0BF69A8F8}
		{7014F74C-506D-4DC3-85DC-DF14EC446FB4} = {6BBAFA79-C6EC-4415-8249-3AF0BF69A8F8}
		{4D69214A-521E-413C-8732-A228A50753DD} = {6BBAFA79-C6EC-4415-8249-3AF0BF69A8F8}
		{F8B9B097-D031-4E97-8F65-41078E810E3D} = {6BBAFA79-C6EC-4415-8249-3AF0BF69A8F8}
		{8BD76230-630B-42A1-AAB3-E3A6E2EAB8A1} = {6BBAFA79-C6EC-4415-8249-3AF0BF69A8F8}
		{6A915CB9-8153-433B-9DC1-0AFE159486B7} = {6BBAFA79-C6EC-4415-8249-3AF0BF69A8F8}
		{97CBF632-FA60-42E7-AD2E-7DBD672C7FEA} = {6BBAFA79-C6EC-4415-8249-3AF0BF69A8F8}
	EndGlobalSection
EndGlobal
